// !$*UTF8*$!
{
	archiveVersion = 1;
	classes = {
	};
	objectVersion = 46;
	objects = {

/* Begin PBXBuildFile section */
		D5687A081DDFE15E008FBEA0 /* AppDelegate.swift in Sources */ = {isa = PBXBuildFile; fileRef = D5687A071DDFE15D008FBEA0 /* AppDelegate.swift */; };
		D5687A0A1DDFE15E008FBEA0 /* ViewController.swift in Sources */ = {isa = PBXBuildFile; fileRef = D5687A091DDFE15E008FBEA0 /* ViewController.swift */; };
		D5687A0D1DDFE15E008FBEA0 /* Main.storyboard in Resources */ = {isa = PBXBuildFile; fileRef = D5687A0B1DDFE15E008FBEA0 /* Main.storyboard */; };
		D5687A0F1DDFE15E008FBEA0 /* Assets.xcassets in Resources */ = {isa = PBXBuildFile; fileRef = D5687A0E1DDFE15E008FBEA0 /* Assets.xcassets */; };
		D5687A121DDFE15E008FBEA0 /* LaunchScreen.storyboard in Resources */ = {isa = PBXBuildFile; fileRef = D5687A101DDFE15E008FBEA0 /* LaunchScreen.storyboard */; };
		D5687A1D1DDFE193008FBEA0 /* Person.swift in Sources */ = {isa = PBXBuildFile; fileRef = D5687A1C1DDFE193008FBEA0 /* Person.swift */; };
		D5687A1F1DDFE662008FBEA0 /* BaseView.swift in Sources */ = {isa = PBXBuildFile; fileRef = D5687A1E1DDFE662008FBEA0 /* BaseView.swift */; };
/* End PBXBuildFile section */

/* Begin PBXFileReference section */
		D5687A041DDFE15D008FBEA0 /* MVC-Test.app */ = {isa = PBXFileReference; explicitFileType = wrapper.application; includeInIndex = 0; path = "MVC-Test.app"; sourceTree = BUILT_PRODUCTS_DIR; };
		D5687A071DDFE15D008FBEA0 /* AppDelegate.swift */ = {isa = PBXFileReference; lastKnownFileType = sourcecode.swift; path = AppDelegate.swift; sourceTree = "<group>"; };
		D5687A091DDFE15E008FBEA0 /* ViewController.swift */ = {isa = PBXFileReference; lastKnownFileType = sourcecode.swift; path = ViewController.swift; sourceTree = "<group>"; };
		D5687A0C1DDFE15E008FBEA0 /* Base */ = {isa = PBXFileReference; lastKnownFileType = file.storyboard; name = Base; path = Base.lproj/Main.storyboard; sourceTree = "<group>"; };
		D5687A0E1DDFE15E008FBEA0 /* Assets.xcassets */ = {isa = PBXFileReference; lastKnownFileType = folder.assetcatalog; path = Assets.xcassets; sourceTree = "<group>"; };
		D5687A111DDFE15E008FBEA0 /* Base */ = {isa = PBXFileReference; lastKnownFileType = file.storyboard; name = Base; path = Base.lproj/LaunchScreen.storyboard; sourceTree = "<group>"; };
		D5687A131DDFE15E008FBEA0 /* Info.plist */ = {isa = PBXFileReference; lastKnownFileType = text.plist.xml; path = Info.plist; sourceTree = "<group>"; };
		D5687A1C1DDFE193008FBEA0 /* Person.swift */ = {isa = PBXFileReference; fileEncoding = 4; lastKnownFileType = sourcecode.swift; path = Person.swift; sourceTree = "<group>"; };
		D5687A1E1DDFE662008FBEA0 /* BaseView.swift */ = {isa = PBXFileReference; fileEncoding = 4; lastKnownFileType = sourcecode.swift; path = BaseView.swift; sourceTree = "<group>"; };
/* End PBXFileReference section */

/* Begin PBXFrameworksBuildPhase section */
		D5687A011DDFE15D008FBEA0 /* Frameworks */ = {
			isa = PBXFrameworksBuildPhase;
			buildActionMask = 2147483647;
			files = (
			);
			runOnlyForDeploymentPostprocessing = 0;
		};
/* End PBXFrameworksBuildPhase section */

/* Begin PBXGroup section */
		D56879FB1DDFE15D008FBEA0 = {
			isa = PBXGroup;
			children = (
				D5687A061DDFE15D008FBEA0 /* MVC-Test */,
				D5687A051DDFE15D008FBEA0 /* Products */,
			);
			sourceTree = "<group>";
		};
		D5687A051DDFE15D008FBEA0 /* Products */ = {
			isa = PBXGroup;
			children = (
				D5687A041DDFE15D008FBEA0 /* MVC-Test.app */,
			);
			name = Products;
			sourceTree = "<group>";
		};
		D5687A061DDFE15D008FBEA0 /* MVC-Test */ = {
			isa = PBXGroup;
			children = (
				D5687A1B1DDFE17E008FBEA0 /* Modal */,
				D5687A1A1DDFE178008FBEA0 /* View */,
				D5687A191DDFE170008FBEA0 /* Controller */,
				D5687A071DDFE15D008FBEA0 /* AppDelegate.swift */,
				D5687A0B1DDFE15E008FBEA0 /* Main.storyboard */,
				D5687A0E1DDFE15E008FBEA0 /* Assets.xcassets */,
				D5687A101DDFE15E008FBEA0 /* LaunchScreen.storyboard */,
				D5687A131DDFE15E008FBEA0 /* Info.plist */,
			);
			path = "MVC-Test";
			sourceTree = "<group>";
		};
		D5687A191DDFE170008FBEA0 /* Controller */ = {
			isa = PBXGroup;
			children = (
				D5687A091DDFE15E008FBEA0 /* ViewController.swift */,
			);
			name = Controller;
			sourceTree = "<group>";
		};
		D5687A1A1DDFE178008FBEA0 /* View */ = {
			isa = PBXGroup;
			children = (
				D5687A1E1DDFE662008FBEA0 /* BaseView.swift */,
			);
			name = View;
			sourceTree = "<group>";
		};
		D5687A1B1DDFE17E008FBEA0 /* Modal */ = {
			isa = PBXGroup;
			children = (
				D5687A1C1DDFE193008FBEA0 /* Person.swift */,
			);
			name = Modal;
			sourceTree = "<group>";
		};
/* End PBXGroup section */

/* Begin PBXNativeTarget section */
		D5687A031DDFE15D008FBEA0 /* MVC-Test */ = {
			isa = PBXNativeTarget;
			buildConfigurationList = D5687A161DDFE15E008FBEA0 /* Build configuration list for PBXNativeTarget "MVC-Test" */;
			buildPhases = (
				D5687A001DDFE15D008FBEA0 /* Sources */,
				D5687A011DDFE15D008FBEA0 /* Frameworks */,
				D5687A021DDFE15D008FBEA0 /* Resources */,
			);
			buildRules = (
			);
			dependencies = (
			);
			name = "MVC-Test";
			productName = "MVC-Test";
			productReference = D5687A041DDFE15D008FBEA0 /* MVC-Test.app */;
			productType = "com.apple.product-type.application";
		};
/* End PBXNativeTarget section */

/* Begin PBXProject section */
		D56879FC1DDFE15D008FBEA0 /* Project object */ = {
			isa = PBXProject;
			attributes = {
				LastSwiftUpdateCheck = 0800;
				LastUpgradeCheck = 0800;
				ORGANIZATIONNAME = "Younoussa Ousmane Abdou";
				TargetAttributes = {
					D5687A031DDFE15D008FBEA0 = {
						CreatedOnToolsVersion = 8.0;
						ProvisioningStyle = Automatic;
					};
				};
			};
			buildConfigurationList = D56879FF1DDFE15D008FBEA0 /* Build configuration list for PBXProject "MVC-Test" */;
			compatibilityVersion = "Xcode 3.2";
			developmentRegion = English;
			hasScannedForEncodings = 0;
			knownRegions = (
				en,
				Base,
			);
			mainGroup = D56879FB1DDFE15D008FBEA0;
			productRefGroup = D5687A051DDFE15D008FBEA0 /* Products */;
			projectDirPath = "";
			projectRoot = "";
			targets = (
				D5687A031DDFE15D008FBEA0 /* MVC-Test */,
			);
		};
/* End PBXProject section */

/* Begin PBXResourcesBuildPhase section */
		D5687A021DDFE15D008FBEA0 /* Resources */ = {
			isa = PBXResourcesBuildPhase;
			buildActionMask = 2147483647;
			files = (
				D5687A121DDFE15E008FBEA0 /* LaunchScreen.storyboard in Resources */,
				D5687A0F1DDFE15E008FBEA0 /* Assets.xcassets in Resources */,
				D5687A0D1DDFE15E008FBEA0 /* Main.storyboard in Resources */,
			);
			runOnlyForDeploymentPostprocessing = 0;
		};
/* End PBXResourcesBuildPhase section */

/* Begin PBXSourcesBuildPhase section */
		D5687A001DDFE15D008FBEA0 /* Sources */ = {
			isa = PBXSourcesBuildPhase;
			buildActionMask = 2147483647;
			files = (
				D5687A1D1DDFE193008FBEA0 /* Person.swift in Sources */,
				D5687A0A1DDFE15E008FBEA0 /* ViewController.swift in Sources */,
				D5687A081DDFE15E008FBEA0 /* AppDelegate.swift in Sources */,
				D5687A1F1DDFE662008FBEA0 /* BaseView.swift in Sources */,
			);
			runOnlyForDeploymentPostprocessing = 0;
		};
/* End PBXSourcesBuildPhase section */

/* Begin PBXVariantGroup section */
		D5687A0B1DDFE15E008FBEA0 /* Main.storyboard */ = {
			isa = PBXVariantGroup;
			children = (
				D5687A0C1DDFE15E008FBEA0 /* Base */,
			);
			name = Main.storyboard;
			sourceTree = "<group>";
		};
		D5687A101DDFE15E008FBEA0 /* LaunchScreen.storyboard */ = {
			isa = PBXVariantGroup;
			children = (
				D5687A111DDFE15E008FBEA0 /* Base */,
			);
			name = LaunchScreen.storyboard;
			sourceTree = "<group>";
		};
/* End PBXVariantGroup section */

/* Begin XCBuildConfiguration section */
		D5687A141DDFE15E008FBEA0 /* Debug */ = {
			isa = XCBuildConfiguration;
			buildSettings = {
				ALWAYS_SEARCH_USER_PATHS = NO;
				CLANG_ANALYZER_NONNULL = YES;
				CLANG_CXX_LANGUAGE_STANDARD = "gnu++0x";
				CLANG_CXX_LIBRARY = "libc++";
				CLANG_ENABLE_MODULES = YES;
				CLANG_ENABLE_OBJC_ARC = YES;
				CLANG_WARN_BOOL_CONVERSION = YES;
				CLANG_WARN_CONSTANT_CONVERSION = YES;
				CLANG_WARN_DIRECT_OBJC_ISA_USAGE = YES_ERROR;
				CLANG_WARN_DOCUMENTATION_COMMENTS = YES;
				CLANG_WARN_EMPTY_BODY = YES;
				CLANG_WARN_ENUM_CONVERSION = YES;
				CLANG_WARN_INFINITE_RECURSION = YES;
				CLANG_WARN_INT_CONVERSION = YES;
				CLANG_WARN_OBJC_ROOT_CLASS = YES_ERROR;
				CLANG_WARN_SUSPICIOUS_MOVES = YES;
				CLANG_WARN_UNREACHABLE_CODE = YES;
				CLANG_WARN__DUPLICATE_METHOD_MATCH = YES;
				"CODE_SIGN_IDENTITY[sdk=iphoneos*]" = "iPhone Developer";
				COPY_PHASE_STRIP = NO;
				DEBUG_INFORMATION_FORMAT = dwarf;
				ENABLE_STRICT_OBJC_MSGSEND = YES;
				ENABLE_TESTABILITY = YES;
				GCC_C_LANGUAGE_STANDARD = gnu99;
				GCC_DYNAMIC_NO_PIC = NO;
				GCC_NO_COMMON_BLOCKS = YES;
				GCC_OPTIMIZATION_LEVEL = 0;
				GCC_PREPROCESSOR_DEFINITIONS = (
					"DEBUG=1",
					"$(inherited)",
				);
				GCC_WARN_64_TO_32_BIT_CONVERSION = YES;
				GCC_WARN_ABOUT_RETURN_TYPE = YES_ERROR;
				GCC_WARN_UNDECLARED_SELECTOR = YES;
				GCC_WARN_UNINITIALIZED_AUTOS = YES_AGGRESSIVE;
				GCC_WARN_UNUSED_FUNCTION = YES;
				GCC_WARN_UNUSED_VARIABLE = YES;
				IPHONEOS_DEPLOYMENT_TARGET = 10.0;
				MTL_ENABLE_DEBUG_INFO = YES;
				ONLY_ACTIVE_ARCH = YES;
				SDKROOT = iphoneos;
				SWIFT_ACTIVE_COMPILATION_CONDITIONS = DEBUG;
				SWIFT_OPTIMIZATION_LEVEL = "-Onone";
				TARGETED_DEVICE_FAMILY = "1,2";
			};
			name = Debug;
		};
		D5687A151DDFE15E008FBEA0 /* Release */ = {
			isa = XCBuildConfiguration;
			buildSettings = {
				ALWAYS_SEARCH_USER_PATHS = NO;
				CLANG_ANALYZER_NONNULL = YES;
				CLANG_CXX_LANGUAGE_STANDARD = "gnu++0x";
				CLANG_CXX_LIBRARY = "libc++";
				CLANG_ENABLE_MODULES = YES;
				CLANG_ENABLE_OBJC_ARC = YES;
				CLANG_WARN_BOOL_CONVERSION = YES;
				CLANG_WARN_CONSTANT_CONVERSION = YES;
				CLANG_WARN_DIRECT_OBJC_ISA_USAGE = YES_ERROR;
				CLANG_WARN_DOCUMENTATION_COMMENTS = YES;
				CLANG_WARN_EMPTY_BODY = YES;
				CLANG_WARN_ENUM_CONVERSION = YES;
				CLANG_WARN_INFINITE_RECURSION = YES;
				CLANG_WARN_INT_CONVERSION = YES;
				CLANG_WARN_OBJC_ROOT_CLASS = YES_ERROR;
				CLANG_WARN_SUSPICIOUS_MOVES = YES;
				CLANG_WARN_UNREACHABLE_CODE = YES;
				CLANG_WARN__DUPLICATE_METHOD_MATCH = YES;
				"CODE_SIGN_IDENTITY[sdk=iphoneos*]" = "iPhone Developer";
				COPY_PHASE_STRIP = NO;
				DEBUG_INFORMATION_FORMAT = "dwarf-with-dsym";
				ENABLE_NS_ASSERTIONS = NO;
				ENABLE_STRICT_OBJC_MSGSEND = YES;
				GCC_C_LANGUAGE_STANDARD = gnu99;
				GCC_NO_COMMON_BLOCKS = YES;
				GCC_WARN_64_TO_32_BIT_CONVERSION = YES;
				GCC_WARN_ABOUT_RETURN_TYPE = YES_ERROR;
				GCC_WARN_UNDECLARED_SELECTOR = YES;
				GCC_WARN_UNINITIALIZED_AUTOS = YES_AGGRESSIVE;
				GCC_WARN_UNUSED_FUNCTION = YES;
				GCC_WARN_UNUSED_VARIABLE = YES;
				IPHONEOS_DEPLOYMENT_TARGET = 10.0;
				MTL_ENABLE_DEBUG_INFO = NO;
				SDKROOT = iphoneos;
				SWIFT_OPTIMIZATION_LEVEL = "-Owholemodule";
				TARGETED_DEVICE_FAMILY = "1,2";
				VALIDATE_PRODUCT = YES;
			};
			name = Release;
		};
		D5687A171DDFE15E008FBEA0 /* Debug */ = {
			isa = XCBuildConfiguration;
			buildSettings = {
				ASSETCATALOG_COMPILER_APPICON_NAME = AppIcon;
				INFOPLIST_FILE = "MVC-Test/Info.plist";
				LD_RUNPATH_SEARCH_PATHS = "$(inherited) @executable_path/Frameworks";
				PRODUCT_BUNDLE_IDENTIFIER = "com.yuso.MVC-Test";
				PRODUCT_NAME = "$(TARGET_NAME)";
				SWIFT_VERSION = 3.0;
			};
			name = Debug;
		};
		D5687A181DDFE15E008FBEA0 /* Release */ = {
			isa = XCBuildConfiguration;
			buildSettings = {
				ASSETCATALOG_COMPILER_APPICON_NAME = AppIcon;
				INFOPLIST_FILE = "MVC-Test/Info.plist";
				LD_RUNPATH_SEARCH_PATHS = "$(inherited) @executable_path/Frameworks";
				PRODUCT_BUNDLE_IDENTIFIER = "com.yuso.MVC-Test";
				PRODUCT_NAME = "$(TARGET_NAME)";
				SWIFT_VERSION = 3.0;
			};
			name = Release;
		};
/* End XCBuildConfiguration section */

/* Begin XCConfigurationList section */
		D56879FF1DDFE15D008FBEA0 /* Build configuration list for PBXProject "MVC-Test" */ = {
			isa = XCConfigurationList;
			buildConfigurations = (
				D5687A141DDFE15E008FBEA0 /* Debug */,
				D5687A151DDFE15E008FBEA0 /* Release */,
			);
			defaultConfigurationIsVisible = 0;
			defaultConfigurationName = Release;
		};
		D5687A161DDFE15E008FBEA0 /* Build configuration list for PBXNativeTarget "MVC-Test" */ = {
			isa = XCConfigurationList;
			buildConfigurations = (
				D5687A171DDFE15E008FBEA0 /* Debug */,
				D5687A181DDFE15E008FBEA0 /* Release */,
			);
			defaultConfigurationIsVisible = 0;
		};
/* End XCConfigurationList section */
	};
	rootObject = D56879FC1DDFE15D008FBEA0 /* Project object */;
}
